
Microsoft Visual Studio Solution File, Format Version 12.00
# Visual Studio Version 17
VisualStudioVersion = 17.11.35303.130
MinimumVisualStudioVersion = 10.0.40219.1
Project("{9A19103F-16F7-4668-BE54-9A1E7A4F7556}") = "WinFormsApp1", "WinFormsApp1\WinFormsApp1.csproj", "{1744DEF2-C0AB-4C07-A4EB-6A29550A789C}"
EndProject
Project("{9A19103F-16F7-4668-BE54-9A1E7A4F7556}") = "FindUniquesTest", "FindUniquesTest\FindUniquesTest.csproj", "{7F05F17E-D294-4516-A235-9CC8DAD5A371}"
EndProject
Global
	GlobalSection(SolutionConfigurationPlatforms) = preSolution
		Debug|Any CPU = Debug|Any CPU
		Release|Any CPU = Release|Any CPU
	EndGlobalSection
	GlobalSection(ProjectConfigurationPlatforms) = postSolution
		{1744DEF2-C0AB-4C07-A4EB-6A29550A789C}.Debug|Any CPU.ActiveCfg = Debug|Any CPU
		{1744DEF2-C0AB-4C07-A4EB-6A29550A789C}.Debug|Any CPU.Build.0 = Debug|Any CPU
		{1744DEF2-C0AB-4C07-A4EB-6A29550A789C}.Release|Any CPU.ActiveCfg = Release|Any CPU
		{1744DEF2-C0AB-4C07-A4EB-6A29550A789C}.Release|Any CPU.Build.0 = Release|Any CPU
		{7F05F17E-D294-4516-A235-9CC8DAD5A371}.Debug|Any CPU.ActiveCfg = Debug|Any CPU
		{7F05F17E-D294-4516-A235-9CC8DAD5A371}.Debug|Any CPU.Build.0 = Debug|Any CPU
		{7F05F17E-D294-4516-A235-9CC8DAD5A371}.Release|Any CPU.ActiveCfg = Release|Any CPU
		{7F05F17E-D294-4516-A235-9CC8DAD5A371}.Release|Any CPU.Build.0 = Release|Any CPU
	EndGlobalSection
	GlobalSection(SolutionProperties) = preSolution
		HideSolutionNode = FALSE
	EndGlobalSection
	GlobalSection(ExtensibilityGlobals) = postSolution
		SolutionGuid = {B8DCB158-2625-4F7E-BB50-90381454C553}
	EndGlobalSection
EndGlobal
